
Microsoft Visual Studio Solution File, Format Version 12.00
# Visual Studio Version 17
VisualStudioVersion = 17.0.31612.314
MinimumVisualStudioVersion = 10.0.40219.1
Project("{FAE04EC0-301F-11D3-BF4B-00C04F79EFBC}") = "Login", "Login\Login.csproj", "{BAFAE4FD-E2F0-4D7C-B5D9-8EC93AC5C034}"
EndProject
Global
	GlobalSection(SolutionConfigurationPlatforms) = preSolution
		Debug|Any CPU = Debug|Any CPU
		Release|Any CPU = Release|Any CPU
	EndGlobalSection
	GlobalSection(ProjectConfigurationPlatforms) = postSolution
		{BAFAE4FD-E2F0-4D7C-B5D9-8EC93AC5C034}.Debug|Any CPU.ActiveCfg = Debug|Any CPU
		{BAFAE4FD-E2F0-4D7C-B5D9-8EC93AC5C034}.Debug|Any CPU.Build.0 = Debug|Any CPU
		{BAFAE4FD-E2F0-4D7C-B5D9-8EC93AC5C034}.Release|Any CPU.ActiveCfg = Release|Any CPU
		{BAFAE4FD-E2F0-4D7C-B5D9-8EC93AC5C034}.Release|Any CPU.Build.0 = Release|Any CPU
	EndGlobalSection
	GlobalSection(SolutionProperties) = preSolution
		HideSolutionNode = FALSE
	EndGlobalSection
	GlobalSection(ExtensibilityGlobals) = postSolution
		SolutionGuid = {C0535D9B-DE3C-48EA-9620-64DE00BDD0C1}
	EndGlobalSection
EndGlobal
